{
  "name": "waldo",
  "lockfileVersion": 3,
  "requires": true,
  "packages": {
    "": {
      "dependencies": {
        "zod": "^4.3.6"
      },
      "devDependencies": {
        "@arkweid/lefthook": "^0.7.7"
      }
    },
    "node_modules/@arkweid/lefthook": {
      "version": "0.7.7",
      "resolved": "https://registry.npmjs.org/@arkweid/lefthook/-/lefthook-0.7.7.tgz",
      "integrity": "sha512-Eq30OXKmjxIAIsTtbX2fcF3SNZIXS8yry1u8yty7PQFYRctx04rVlhOJCEB2UmfTh8T2vrOMC9IHHUvvo5zbaQ==",
      "cpu": [
        "x64",
        "arm64",
        "ia32"
      ],
      "deprecated": "@arkweid/lefthook has been renamed to @evilmartians/lefthook, please upgrade to it. You also can use @evilmartians/lefthook-installer",
      "dev": true,
      "hasInstallScript": true,
      "license": "MIT",
      "os": [
        "darwin",
        "linux",
        "win32"
      ],
      "bin": {
        "lefthook": "bin/index.js"
      }
    },
    "node_modules/zod": {
      "version": "4.3.6",
      "resolved": "https://registry.npmjs.org/zod/-/zod-4.3.6.tgz",
      "integrity": "sha512-rftlrkhHZOcjDwkGlnUtZZkvaPHCsDATp4pGpuOOMDaTdDDXF91wuVDJoWoPsKX/3YPQ5fHuF3STjcYyKr+Qhg==",
      "license": "MIT",
      "funding": {
        "url": "https://github.com/sponsors/colinhacks"
      }
    }
  }
}
